
Microsoft Visual Studio Solution File, Format Version 12.00
# Visual Studio 15
Project("{FAE04EC0-301F-11D3-BF4B-00C04F79EFBC}") = "Assembly-CSharp", "Assembly-CSharp.csproj", "{A53A54A4-A625-0C62-FF23-691B3F21B776}"
EndProject
Project("{FAE04EC0-301F-11D3-BF4B-00C04F79EFBC}") = "Assembly-CSharp-firstpass", "Assembly-CSharp-firstpass.csproj", "{08C519FA-1224-C031-AA16-E9A104CED838}"
EndProject
Project("{FAE04EC0-301F-11D3-BF4B-00C04F79EFBC}") = "Assembly-CSharp-Editor-firstpass", "Assembly-CSharp-Editor-firstpass.csproj", "{4344A0A2-A0C0-8888-70AE-F8334891DCD4}"
EndProject
Project("{FAE04EC0-301F-11D3-BF4B-00C04F79EFBC}") = "Assembly-CSharp-Editor", "Assembly-CSharp-Editor.csproj", "{77ADD720-19EE-4611-064A-187F6B93985C}"
EndProject
Global
	GlobalSection(SolutionConfigurationPlatforms) = preSolution
		Debug|Any CPU = Debug|Any CPU
		Release|Any CPU = Release|Any CPU
	EndGlobalSection
	GlobalSection(ProjectConfigurationPlatforms) = postSolution
		{A53A54A4-A625-0C62-FF23-691B3F21B776}.Debug|Any CPU.ActiveCfg = Debug|Any CPU
		{A53A54A4-A625-0C62-FF23-691B3F21B776}.Debug|Any CPU.Build.0 = Debug|Any CPU
		{A53A54A4-A625-0C62-FF23-691B3F21B776}.Release|Any CPU.ActiveCfg = Release|Any CPU
		{A53A54A4-A625-0C62-FF23-691B3F21B776}.Release|Any CPU.Build.0 = Release|Any CPU
		{08C519FA-1224-C031-AA16-E9A104CED838}.Debug|Any CPU.ActiveCfg = Debug|Any CPU
		{08C519FA-1224-C031-AA16-E9A104CED838}.Debug|Any CPU.Build.0 = Debug|Any CPU
		{08C519FA-1224-C031-AA16-E9A104CED838}.Release|Any CPU.ActiveCfg = Release|Any CPU
		{08C519FA-1224-C031-AA16-E9A104CED838}.Release|Any CPU.Build.0 = Release|Any CPU
		{4344A0A2-A0C0-8888-70AE-F8334891DCD4}.Debug|Any CPU.ActiveCfg = Debug|Any CPU
		{4344A0A2-A0C0-8888-70AE-F8334891DCD4}.Debug|Any CPU.Build.0 = Debug|Any CPU
		{4344A0A2-A0C0-8888-70AE-F8334891DCD4}.Release|Any CPU.ActiveCfg = Release|Any CPU
		{4344A0A2-A0C0-8888-70AE-F8334891DCD4}.Release|Any CPU.Build.0 = Release|Any CPU
		{77ADD720-19EE-4611-064A-187F6B93985C}.Debug|Any CPU.ActiveCfg = Debug|Any CPU
		{77ADD720-19EE-4611-064A-187F6B93985C}.Debug|Any CPU.Build.0 = Debug|Any CPU
		{77ADD720-19EE-4611-064A-187F6B93985C}.Release|Any CPU.ActiveCfg = Release|Any CPU
		{77ADD720-19EE-4611-064A-187F6B93985C}.Release|Any CPU.Build.0 = Release|Any CPU
	EndGlobalSection
	GlobalSection(SolutionProperties) = preSolution
		HideSolutionNode = FALSE
	EndGlobalSection
EndGlobal
